
Microsoft Visual Studio Solution File, Format Version 12.00
# Visual Studio Version 17
VisualStudioVersion = 17.2.33829.164
MinimumVisualStudioVersion = 10.0.40219.1
Project("{FAE04EC0-301F-11D3-BF4B-00C04F79EFBC}") = "AS.NET.Core.Routing.FeatureSwitching", "AS.NET.Core.Routing.FeatureSwitching\AS.NET.Core.Routing.FeatureSwitching.csproj", "{C3494D03-15D0-4239-88B3-AEDDC3A313C9}"
EndProject
Global
	GlobalSection(SolutionConfigurationPlatforms) = preSolution
		Debug|Any CPU = Debug|Any CPU
		Release|Any CPU = Release|Any CPU
	EndGlobalSection
	GlobalSection(ProjectConfigurationPlatforms) = postSolution
		{C3494D03-15D0-4239-88B3-AEDDC3A313C9}.Debug|Any CPU.ActiveCfg = Debug|Any CPU
		{C3494D03-15D0-4239-88B3-AEDDC3A313C9}.Debug|Any CPU.Build.0 = Debug|Any CPU
		{C3494D03-15D0-4239-88B3-AEDDC3A313C9}.Release|Any CPU.ActiveCfg = Release|Any CPU
		{C3494D03-15D0-4239-88B3-AEDDC3A313C9}.Release|Any CPU.Build.0 = Release|Any CPU
	EndGlobalSection
	GlobalSection(SolutionProperties) = preSolution
		HideSolutionNode = FALSE
	EndGlobalSection
	GlobalSection(ExtensibilityGlobals) = postSolution
		SolutionGuid = {36AF197B-17B7-4A9C-BC9E-A66438FC5329}
	EndGlobalSection
EndGlobal
